hash: 56631ea4a944579566a17219fcd24da7e4c1225341aaf99f5bb09e26bf0d74f1
updated: 2017-05-08T02:00:24.303458603Z
imports:
- name: github.com/gin-gonic/gin
  version: d5b353c5d5a560322e6d96121c814115562501f7
  subpackages:
  - binding
  - render
- name: github.com/golang/protobuf
  version: 2402d76f3d41f928c7902a765dfc872356dd3aad
  subpackages:
  - proto
- name: github.com/manucorporat/sse
  version: ee05b128a739a0fb76c7ebd3ae4810c1de808d6d
- name: github.com/mattn/go-isatty
  version: fc9e8d8ef48496124e79ae0df75490096eccf6fe
- name: github.com/mediocregopher/radix.v2
  version: 1ac54a28f5934ea5e08f588647e734aba2383cb8
  subpackages:
  - redis
- name: golang.org/x/net
  version: f315505cf3349909cdf013ea56690da34e96a451
  subpackages:
  - context
- name: golang.org/x/sys
  version: 9ccfe848b9db8435a24c424abbc07a921adf1df5
  subpackages:
  - unix
- name: gopkg.in/gin-gonic/gin.v1
  version: e2212d40c62a98b388a5eb48ecbdcf88534688ba
- name: gopkg.in/go-playground/validator.v8
  version: c193cecd124b5cc722d7ee5538e945bdb3348435
- name: gopkg.in/mailgun/mailgun-go.v1
  version: a4002e2df2e8ca2da6a6fbb4a72871b504e49f50
- name: gopkg.in/yaml.v2
  version: cd8b52f8269e0feb286dfeef29f8fe4d5b397e0b
testImports:
- name: github.com/davecgh/go-spew
  version: 5215b55f46b2b919f50a1df0eaa5886afe4e3b3d
  subpackages:
  - spew
- name: github.com/pmezard/go-difflib
  version: 792786c7400a136282c1664665ae0a8db921c6c2
  subpackages:
  - difflib
- name: github.com/stretchr/testify
  version: 69483b4bd14f5845b5a1e55bca19e954e827f1d0
  subpackages:
  - assert
